
Microsoft Visual Studio Solution File, Format Version 12.00
Project("{FAE04EC0-301F-11D3-BF4B-00C04F79EFBC}") = "Core", "src\Core\Core.csproj", "{8C72F66C-EB31-4DDA-85A3-60E0139E8474}"
EndProject
Project("{FAE04EC0-301F-11D3-BF4B-00C04F79EFBC}") = "Configuration", "src\Configuration\Configuration.csproj", "{D2C005F2-E8A9-4A55-91EA-CAFD2DF4C87C}"
EndProject
Project("{FAE04EC0-301F-11D3-BF4B-00C04F79EFBC}") = "Core.Data", "src\Core.Data\Core.Data.csproj", "{09F5C1FB-2282-4095-AAC1-719A2E7A04C1}"
EndProject
Project("{FAE04EC0-301F-11D3-BF4B-00C04F79EFBC}") = "Core.Identity", "src\Core.Identity\Core.Identity.csproj", "{862B871C-EECA-457F-9AAB-5DACFBCCB034}"
EndProject
Project("{FAE04EC0-301F-11D3-BF4B-00C04F79EFBC}") = "Services", "src\Services\Services.csproj", "{1C9C1278-A8A7-414D-A1C0-AE45A6E70870}"
EndProject
Global
	GlobalSection(SolutionConfigurationPlatforms) = preSolution
		Debug|Any CPU = Debug|Any CPU
		Release|Any CPU = Release|Any CPU
	EndGlobalSection
	GlobalSection(ProjectConfigurationPlatforms) = postSolution
		{8C72F66C-EB31-4DDA-85A3-60E0139E8474}.Debug|Any CPU.ActiveCfg = Debug|Any CPU
		{8C72F66C-EB31-4DDA-85A3-60E0139E8474}.Debug|Any CPU.Build.0 = Debug|Any CPU
		{8C72F66C-EB31-4DDA-85A3-60E0139E8474}.Release|Any CPU.ActiveCfg = Release|Any CPU
		{8C72F66C-EB31-4DDA-85A3-60E0139E8474}.Release|Any CPU.Build.0 = Release|Any CPU
		{D2C005F2-E8A9-4A55-91EA-CAFD2DF4C87C}.Debug|Any CPU.ActiveCfg = Debug|Any CPU
		{D2C005F2-E8A9-4A55-91EA-CAFD2DF4C87C}.Debug|Any CPU.Build.0 = Debug|Any CPU
		{D2C005F2-E8A9-4A55-91EA-CAFD2DF4C87C}.Release|Any CPU.ActiveCfg = Release|Any CPU
		{D2C005F2-E8A9-4A55-91EA-CAFD2DF4C87C}.Release|Any CPU.Build.0 = Release|Any CPU
		{09F5C1FB-2282-4095-AAC1-719A2E7A04C1}.Debug|Any CPU.ActiveCfg = Debug|Any CPU
		{09F5C1FB-2282-4095-AAC1-719A2E7A04C1}.Debug|Any CPU.Build.0 = Debug|Any CPU
		{09F5C1FB-2282-4095-AAC1-719A2E7A04C1}.Release|Any CPU.ActiveCfg = Release|Any CPU
		{09F5C1FB-2282-4095-AAC1-719A2E7A04C1}.Release|Any CPU.Build.0 = Release|Any CPU
		{862B871C-EECA-457F-9AAB-5DACFBCCB034}.Debug|Any CPU.ActiveCfg = Debug|Any CPU
		{862B871C-EECA-457F-9AAB-5DACFBCCB034}.Debug|Any CPU.Build.0 = Debug|Any CPU
		{862B871C-EECA-457F-9AAB-5DACFBCCB034}.Release|Any CPU.ActiveCfg = Release|Any CPU
		{862B871C-EECA-457F-9AAB-5DACFBCCB034}.Release|Any CPU.Build.0 = Release|Any CPU
		{1C9C1278-A8A7-414D-A1C0-AE45A6E70870}.Debug|Any CPU.ActiveCfg = Debug|Any CPU
		{1C9C1278-A8A7-414D-A1C0-AE45A6E70870}.Debug|Any CPU.Build.0 = Debug|Any CPU
		{1C9C1278-A8A7-414D-A1C0-AE45A6E70870}.Release|Any CPU.ActiveCfg = Release|Any CPU
		{1C9C1278-A8A7-414D-A1C0-AE45A6E70870}.Release|Any CPU.Build.0 = Release|Any CPU
	EndGlobalSection
EndGlobal
