
Microsoft Visual Studio Solution File, Format Version 12.00
Project("{FAE04EC0-301F-11D3-BF4B-00C04F79EFBC}") = "Cms.Core", "src\Cms.Core\Cms.Core.csproj", "{8C72F66C-EB31-4DDA-85A3-60E0139E8474}"
EndProject
Project("{FAE04EC0-301F-11D3-BF4B-00C04F79EFBC}") = "Cms.Configuration", "src\Cms.Configuration\Cms.Configuration.csproj", "{D2C005F2-E8A9-4A55-91EA-CAFD2DF4C87C}"
EndProject
Project("{FAE04EC0-301F-11D3-BF4B-00C04F79EFBC}") = "Cms.Core.Data", "src\Cms.Core.Data\Cms.Core.Data.csproj", "{09F5C1FB-2282-4095-AAC1-719A2E7A04C1}"
EndProject
Project("{FAE04EC0-301F-11D3-BF4B-00C04F79EFBC}") = "Cms.Core.Identity", "src\Cms.Core.Identity\Cms.Core.Identity.csproj", "{862B871C-EECA-457F-9AAB-5DACFBCCB034}"
EndProject
Project("{FAE04EC0-301F-11D3-BF4B-00C04F79EFBC}") = "Cms.Services", "src\Cms.Services\Cms.Services.csproj", "{1C9C1278-A8A7-414D-A1C0-AE45A6E70870}"
EndProject
Project("{FAE04EC0-301F-11D3-BF4B-00C04F79EFBC}") = "Cms.Web", "src\Cms.Web\Cms.Web.csproj", "{3B92F7ED-88EF-4BF8-90FF-E646E58360B4}"
EndProject
Project("{2150E333-8FDC-42A3-9474-1A3956D46DE8}") = "Services", "Services", "{899797A2-97CE-4B72-A7DF-C43C8196DCFE}"
EndProject
Project("{2150E333-8FDC-42A3-9474-1A3956D46DE8}") = "Core", "Core", "{7DD26B19-9539-4420-800F-63C5CB0BC29F}"
EndProject
Project("{2150E333-8FDC-42A3-9474-1A3956D46DE8}") = "Configuration", "Configuration", "{2A3D35DB-2384-40A9-A30D-C57E4AC6298F}"
EndProject
Project("{2150E333-8FDC-42A3-9474-1A3956D46DE8}") = "Web", "Web", "{0DCC3288-CF2C-445E-8C8F-CB027C6B49CA}"
EndProject
Project("{2150E333-8FDC-42A3-9474-1A3956D46DE8}") = "Tests", "Tests", "{AEC9435E-4A2B-4393-9ED6-D170D0CB5286}"
EndProject
Project("{2150E333-8FDC-42A3-9474-1A3956D46DE8}") = "Core", "Core", "{4024D8B4-23AE-4A3D-997C-1317FBFCE0B3}"
EndProject
Project("{2150E333-8FDC-42A3-9474-1A3956D46DE8}") = "Services", "Services", "{C639E42C-A508-4A27-9AAD-D9CBCA0C5C46}"
EndProject
Project("{2150E333-8FDC-42A3-9474-1A3956D46DE8}") = "Web", "Web", "{FBEAD6C3-43DC-4205-8639-72D5C74D243E}"
EndProject
Project("{FAE04EC0-301F-11D3-BF4B-00C04F79EFBC}") = "Cms.Tests.Core.Data", "tests\Cms.Tests.Core.Data\Cms.Tests.Core.Data.csproj", "{D7D42012-ABE6-49CC-9776-7F8B7961DC6D}"
EndProject
Global
	GlobalSection(SolutionConfigurationPlatforms) = preSolution
		Debug|Any CPU = Debug|Any CPU
		Release|Any CPU = Release|Any CPU
	EndGlobalSection
	GlobalSection(ProjectConfigurationPlatforms) = postSolution
		{8C72F66C-EB31-4DDA-85A3-60E0139E8474}.Debug|Any CPU.ActiveCfg = Debug|Any CPU
		{8C72F66C-EB31-4DDA-85A3-60E0139E8474}.Debug|Any CPU.Build.0 = Debug|Any CPU
		{8C72F66C-EB31-4DDA-85A3-60E0139E8474}.Release|Any CPU.ActiveCfg = Release|Any CPU
		{8C72F66C-EB31-4DDA-85A3-60E0139E8474}.Release|Any CPU.Build.0 = Release|Any CPU
		{D2C005F2-E8A9-4A55-91EA-CAFD2DF4C87C}.Debug|Any CPU.ActiveCfg = Debug|Any CPU
		{D2C005F2-E8A9-4A55-91EA-CAFD2DF4C87C}.Debug|Any CPU.Build.0 = Debug|Any CPU
		{D2C005F2-E8A9-4A55-91EA-CAFD2DF4C87C}.Release|Any CPU.ActiveCfg = Release|Any CPU
		{D2C005F2-E8A9-4A55-91EA-CAFD2DF4C87C}.Release|Any CPU.Build.0 = Release|Any CPU
		{09F5C1FB-2282-4095-AAC1-719A2E7A04C1}.Debug|Any CPU.ActiveCfg = Debug|Any CPU
		{09F5C1FB-2282-4095-AAC1-719A2E7A04C1}.Debug|Any CPU.Build.0 = Debug|Any CPU
		{09F5C1FB-2282-4095-AAC1-719A2E7A04C1}.Release|Any CPU.ActiveCfg = Release|Any CPU
		{09F5C1FB-2282-4095-AAC1-719A2E7A04C1}.Release|Any CPU.Build.0 = Release|Any CPU
		{862B871C-EECA-457F-9AAB-5DACFBCCB034}.Debug|Any CPU.ActiveCfg = Debug|Any CPU
		{862B871C-EECA-457F-9AAB-5DACFBCCB034}.Debug|Any CPU.Build.0 = Debug|Any CPU
		{862B871C-EECA-457F-9AAB-5DACFBCCB034}.Release|Any CPU.ActiveCfg = Release|Any CPU
		{862B871C-EECA-457F-9AAB-5DACFBCCB034}.Release|Any CPU.Build.0 = Release|Any CPU
		{1C9C1278-A8A7-414D-A1C0-AE45A6E70870}.Debug|Any CPU.ActiveCfg = Debug|Any CPU
		{1C9C1278-A8A7-414D-A1C0-AE45A6E70870}.Debug|Any CPU.Build.0 = Debug|Any CPU
		{1C9C1278-A8A7-414D-A1C0-AE45A6E70870}.Release|Any CPU.ActiveCfg = Release|Any CPU
		{1C9C1278-A8A7-414D-A1C0-AE45A6E70870}.Release|Any CPU.Build.0 = Release|Any CPU
		{F9F588E8-7F2B-4434-BA40-88141D31D19F}.Debug|Any CPU.ActiveCfg = Debug|Any CPU
		{F9F588E8-7F2B-4434-BA40-88141D31D19F}.Debug|Any CPU.Build.0 = Debug|Any CPU
		{F9F588E8-7F2B-4434-BA40-88141D31D19F}.Release|Any CPU.ActiveCfg = Release|Any CPU
		{F9F588E8-7F2B-4434-BA40-88141D31D19F}.Release|Any CPU.Build.0 = Release|Any CPU
		{6C2318A6-E2EC-40C5-A663-F61483453EE0}.Debug|Any CPU.ActiveCfg = Debug|Any CPU
		{6C2318A6-E2EC-40C5-A663-F61483453EE0}.Debug|Any CPU.Build.0 = Debug|Any CPU
		{6C2318A6-E2EC-40C5-A663-F61483453EE0}.Release|Any CPU.ActiveCfg = Release|Any CPU
		{6C2318A6-E2EC-40C5-A663-F61483453EE0}.Release|Any CPU.Build.0 = Release|Any CPU
		{5EBBEDDC-9A82-400E-BDC5-BC12A6D00038}.Debug|Any CPU.ActiveCfg = Debug|Any CPU
		{5EBBEDDC-9A82-400E-BDC5-BC12A6D00038}.Debug|Any CPU.Build.0 = Debug|Any CPU
		{5EBBEDDC-9A82-400E-BDC5-BC12A6D00038}.Release|Any CPU.ActiveCfg = Release|Any CPU
		{5EBBEDDC-9A82-400E-BDC5-BC12A6D00038}.Release|Any CPU.Build.0 = Release|Any CPU
		{3B92F7ED-88EF-4BF8-90FF-E646E58360B4}.Debug|Any CPU.ActiveCfg = Debug|Any CPU
		{3B92F7ED-88EF-4BF8-90FF-E646E58360B4}.Debug|Any CPU.Build.0 = Debug|Any CPU
		{3B92F7ED-88EF-4BF8-90FF-E646E58360B4}.Release|Any CPU.ActiveCfg = Release|Any CPU
		{3B92F7ED-88EF-4BF8-90FF-E646E58360B4}.Release|Any CPU.Build.0 = Release|Any CPU
		{D7D42012-ABE6-49CC-9776-7F8B7961DC6D}.Debug|Any CPU.ActiveCfg = Debug|Any CPU
		{D7D42012-ABE6-49CC-9776-7F8B7961DC6D}.Debug|Any CPU.Build.0 = Debug|Any CPU
		{D7D42012-ABE6-49CC-9776-7F8B7961DC6D}.Release|Any CPU.ActiveCfg = Release|Any CPU
		{D7D42012-ABE6-49CC-9776-7F8B7961DC6D}.Release|Any CPU.Build.0 = Release|Any CPU
	EndGlobalSection
	GlobalSection(NestedProjects) = preSolution
		{1C9C1278-A8A7-414D-A1C0-AE45A6E70870} = {899797A2-97CE-4B72-A7DF-C43C8196DCFE}
		{8C72F66C-EB31-4DDA-85A3-60E0139E8474} = {7DD26B19-9539-4420-800F-63C5CB0BC29F}
		{09F5C1FB-2282-4095-AAC1-719A2E7A04C1} = {7DD26B19-9539-4420-800F-63C5CB0BC29F}
		{862B871C-EECA-457F-9AAB-5DACFBCCB034} = {7DD26B19-9539-4420-800F-63C5CB0BC29F}
		{D2C005F2-E8A9-4A55-91EA-CAFD2DF4C87C} = {2A3D35DB-2384-40A9-A30D-C57E4AC6298F}
		{3B92F7ED-88EF-4BF8-90FF-E646E58360B4} = {0DCC3288-CF2C-445E-8C8F-CB027C6B49CA}
		{5EBBEDDC-9A82-400E-BDC5-BC12A6D00038} = {0DCC3288-CF2C-445E-8C8F-CB027C6B49CA}
		{F9F588E8-7F2B-4434-BA40-88141D31D19F} = {0DCC3288-CF2C-445E-8C8F-CB027C6B49CA}
		{6C2318A6-E2EC-40C5-A663-F61483453EE0} = {0DCC3288-CF2C-445E-8C8F-CB027C6B49CA}
		{4024D8B4-23AE-4A3D-997C-1317FBFCE0B3} = {AEC9435E-4A2B-4393-9ED6-D170D0CB5286}
		{C639E42C-A508-4A27-9AAD-D9CBCA0C5C46} = {AEC9435E-4A2B-4393-9ED6-D170D0CB5286}
		{FBEAD6C3-43DC-4205-8639-72D5C74D243E} = {AEC9435E-4A2B-4393-9ED6-D170D0CB5286}
		{D7D42012-ABE6-49CC-9776-7F8B7961DC6D} = {4024D8B4-23AE-4A3D-997C-1317FBFCE0B3}
	EndGlobalSection
EndGlobal
